
Microsoft Visual Studio Solution File, Format Version 12.00
# Visual Studio Version 16
VisualStudioVersion = 16.0.31729.503
MinimumVisualStudioVersion = 10.0.40219.1
Project("{FAE04EC0-301F-11D3-BF4B-00C04F79EFBC}") = "ensyuu1", "ensyuu1\ensyuu1.csproj", "{6BBDB4E6-392F-4A63-AE39-637854DC45EA}"
EndProject
Global
	GlobalSection(SolutionConfigurationPlatforms) = preSolution
		Debug|Any CPU = Debug|Any CPU
		Release|Any CPU = Release|Any CPU
	EndGlobalSection
	GlobalSection(ProjectConfigurationPlatforms) = postSolution
		{6BBDB4E6-392F-4A63-AE39-637854DC45EA}.Debug|Any CPU.ActiveCfg = Debug|Any CPU
		{6BBDB4E6-392F-4A63-AE39-637854DC45EA}.Debug|Any CPU.Build.0 = Debug|Any CPU
		{6BBDB4E6-392F-4A63-AE39-637854DC45EA}.Release|Any CPU.ActiveCfg = Release|Any CPU
		{6BBDB4E6-392F-4A63-AE39-637854DC45EA}.Release|Any CPU.Build.0 = Release|Any CPU
	EndGlobalSection
	GlobalSection(SolutionProperties) = preSolution
		HideSolutionNode = FALSE
	EndGlobalSection
	GlobalSection(ExtensibilityGlobals) = postSolution
		SolutionGuid = {4FB37F15-1BF4-4E9E-A3D1-80251D41169D}
	EndGlobalSection
EndGlobal
